github.com/kmin1231/go_server_session/week02/calculator v0.0.0-20241012222901-333ee7731449 h1:5pIgwXPtMMLvcKCCQSuRoIPW69StnMHlD1/STh4RGm0=
github.com/kmin1231/go_server_session/week02/calculator v0.0.0-20241012222901-333ee7731449/go.mod h1:Fr2BRCVVBZ3iD3iUf7y1hbqetXKXb1PtW8hT7ShfkQY=
github.com/kmin1231/go_server_session/week02/tree v0.0.0-20241012222901-333ee7731449 h1:yxkceKHCp2gl9SraSgc2FbjSlqwTbEjqicPhUKLOnGY=
github.com/kmin1231/go_server_session/week02/tree v0.0.0-20241012222901-333ee7731449/go.mod h1:L/IIxVsxcy7BJbN2+Z0tEpwTpt4K/DbaGQUTHbHf5fU=